
Microsoft Visual Studio Solution File, Format Version 12.00
# Visual Studio Version 17
VisualStudioVersion = 17.0.32014.148
MinimumVisualStudioVersion = 10.0.40219.1
Project("{888888A0-9F3D-457C-B088-3A5042F75D52}") = "DatasetNNTrain", "DatasetNNTrain\DatasetNNTrain.pyproj", "{D5B37118-1B51-4CDD-9D37-8718B0D6F30D}"
EndProject
Global
	GlobalSection(SolutionConfigurationPlatforms) = preSolution
		Debug|Any CPU = Debug|Any CPU
		Release|Any CPU = Release|Any CPU
	EndGlobalSection
	GlobalSection(ProjectConfigurationPlatforms) = postSolution
		{D5B37118-1B51-4CDD-9D37-8718B0D6F30D}.Debug|Any CPU.ActiveCfg = Debug|Any CPU
		{D5B37118-1B51-4CDD-9D37-8718B0D6F30D}.Release|Any CPU.ActiveCfg = Release|Any CPU
	EndGlobalSection
	GlobalSection(SolutionProperties) = preSolution
		HideSolutionNode = FALSE
	EndGlobalSection
	GlobalSection(ExtensibilityGlobals) = postSolution
		SolutionGuid = {21EEA15B-1F3B-4FAF-A325-705FE17F1656}
	EndGlobalSection
EndGlobal
