
Microsoft Visual Studio Solution File, Format Version 12.00
# Visual Studio Version 17
VisualStudioVersion = 17.0.32014.148
MinimumVisualStudioVersion = 10.0.40219.1
Project("{888888A0-9F3D-457C-B088-3A5042F75D52}") = "DatasetPrepare", "DatasetPrepare\DatasetPrepare.pyproj", "{048C0AE1-BD21-4209-9655-0F8AEB043324}"
EndProject
Global
	GlobalSection(SolutionConfigurationPlatforms) = preSolution
		Debug|Any CPU = Debug|Any CPU
		Release|Any CPU = Release|Any CPU
	EndGlobalSection
	GlobalSection(ProjectConfigurationPlatforms) = postSolution
		{048C0AE1-BD21-4209-9655-0F8AEB043324}.Debug|Any CPU.ActiveCfg = Debug|Any CPU
		{048C0AE1-BD21-4209-9655-0F8AEB043324}.Release|Any CPU.ActiveCfg = Release|Any CPU
	EndGlobalSection
	GlobalSection(SolutionProperties) = preSolution
		HideSolutionNode = FALSE
	EndGlobalSection
	GlobalSection(ExtensibilityGlobals) = postSolution
		SolutionGuid = {598566B0-1DC1-443A-B091-027D889CC6CD}
	EndGlobalSection
EndGlobal
